
Microsoft Visual Studio Solution File, Format Version 12.00
# Visual Studio Version 17
VisualStudioVersion = 17.2.32616.157
MinimumVisualStudioVersion = 10.0.40219.1
Project("{FAE04EC0-301F-11D3-BF4B-00C04F79EFBC}") = "Fret24", "Fret24\Fret24.csproj", "{F3BE53F9-41F7-448E-97B7-B2921CA40510}"
EndProject
Global
	GlobalSection(SolutionConfigurationPlatforms) = preSolution
		Debug|Any CPU = Debug|Any CPU
		Release|Any CPU = Release|Any CPU
	EndGlobalSection
	GlobalSection(ProjectConfigurationPlatforms) = postSolution
		{F3BE53F9-41F7-448E-97B7-B2921CA40510}.Debug|Any CPU.ActiveCfg = Debug|Any CPU
		{F3BE53F9-41F7-448E-97B7-B2921CA40510}.Debug|Any CPU.Build.0 = Debug|Any CPU
		{F3BE53F9-41F7-448E-97B7-B2921CA40510}.Release|Any CPU.ActiveCfg = Release|Any CPU
		{F3BE53F9-41F7-448E-97B7-B2921CA40510}.Release|Any CPU.Build.0 = Release|Any CPU
	EndGlobalSection
	GlobalSection(SolutionProperties) = preSolution
		HideSolutionNode = FALSE
	EndGlobalSection
	GlobalSection(ExtensibilityGlobals) = postSolution
		SolutionGuid = {74338A8A-904E-4DAC-A1F1-EAD35E333F54}
	EndGlobalSection
EndGlobal
